
Microsoft Visual Studio Solution File, Format Version 12.00
# Visual Studio Version 17
VisualStudioVersion = 17.11.35208.52
MinimumVisualStudioVersion = 10.0.40219.1
Project("{FAE04EC0-301F-11D3-BF4B-00C04F79EFBC}") = "ReturnNumberOfLetter", "ReturnNumberOfLetter\ReturnNumberOfLetter.csproj", "{01E3969D-F7B1-4378-A696-5D13CEA46104}"
EndProject
Global
	GlobalSection(SolutionConfigurationPlatforms) = preSolution
		Debug|Any CPU = Debug|Any CPU
		Release|Any CPU = Release|Any CPU
	EndGlobalSection
	GlobalSection(ProjectConfigurationPlatforms) = postSolution
		{01E3969D-F7B1-4378-A696-5D13CEA46104}.Debug|Any CPU.ActiveCfg = Debug|Any CPU
		{01E3969D-F7B1-4378-A696-5D13CEA46104}.Debug|Any CPU.Build.0 = Debug|Any CPU
		{01E3969D-F7B1-4378-A696-5D13CEA46104}.Release|Any CPU.ActiveCfg = Release|Any CPU
		{01E3969D-F7B1-4378-A696-5D13CEA46104}.Release|Any CPU.Build.0 = Release|Any CPU
	EndGlobalSection
	GlobalSection(SolutionProperties) = preSolution
		HideSolutionNode = FALSE
	EndGlobalSection
	GlobalSection(ExtensibilityGlobals) = postSolution
		SolutionGuid = {7A8FD45D-E860-47DE-8BE2-BAB6A83A41A1}
	EndGlobalSection
EndGlobal
